// !$*UTF8*$!
{
	archiveVersion = 1;
	classes = {
	};
	objectVersion = 50;
	objects = {

/* Begin PBXBuildFile section */
		0B94EE6F225CCA4000158B91 /* CoordinatorSkillUpUITests.swift in Sources */ = {isa = PBXBuildFile; fileRef = 0B94EE6E225CCA4000158B91 /* CoordinatorSkillUpUITests.swift */; };
		0B97F177225736C90029F202 /* UserEditProfileCoordinator.swift in Sources */ = {isa = PBXBuildFile; fileRef = 0B97F176225736C90029F202 /* UserEditProfileCoordinator.swift */; };
		0B97F179225757F70029F202 /* MagicSelectCityTableViewController.swift in Sources */ = {isa = PBXBuildFile; fileRef = 0B97F178225757F70029F202 /* MagicSelectCityTableViewController.swift */; };
		0B97F17B225758260029F202 /* MagicCell.xib in Resources */ = {isa = PBXBuildFile; fileRef = 0B97F17A225758260029F202 /* MagicCell.xib */; };
		0B97F17D225758390029F202 /* MagicCell.swift in Sources */ = {isa = PBXBuildFile; fileRef = 0B97F17C225758390029F202 /* MagicCell.swift */; };
		0B97F17F22575C6D0029F202 /* Region.swift in Sources */ = {isa = PBXBuildFile; fileRef = 0B97F17E22575C6D0029F202 /* Region.swift */; };
		0BF3B18B2256542000207437 /* AppDelegate.swift in Sources */ = {isa = PBXBuildFile; fileRef = 0BF3B18A2256542000207437 /* AppDelegate.swift */; };
		0BF3B18D2256542000207437 /* UserProfileViewController.swift in Sources */ = {isa = PBXBuildFile; fileRef = 0BF3B18C2256542000207437 /* UserProfileViewController.swift */; };
		0BF3B1902256542000207437 /* Main.storyboard in Resources */ = {isa = PBXBuildFile; fileRef = 0BF3B18E2256542000207437 /* Main.storyboard */; };
		0BF3B1922256542200207437 /* Assets.xcassets in Resources */ = {isa = PBXBuildFile; fileRef = 0BF3B1912256542200207437 /* Assets.xcassets */; };
		0BF3B1952256542200207437 /* LaunchScreen.storyboard in Resources */ = {isa = PBXBuildFile; fileRef = 0BF3B1932256542200207437 /* LaunchScreen.storyboard */; };
		0BF3B19E2256556500207437 /* User.swift in Sources */ = {isa = PBXBuildFile; fileRef = 0BF3B19D2256556500207437 /* User.swift */; };
		0BF3B1A02256580F00207437 /* SelectCityTableViewController.swift in Sources */ = {isa = PBXBuildFile; fileRef = 0BF3B19F2256580F00207437 /* SelectCityTableViewController.swift */; };
		0BF3B1A22256583600207437 /* City.swift in Sources */ = {isa = PBXBuildFile; fileRef = 0BF3B1A12256583600207437 /* City.swift */; };
		0BF3B1A522565D0300207437 /* CityCell.xib in Resources */ = {isa = PBXBuildFile; fileRef = 0BF3B1A422565D0300207437 /* CityCell.xib */; };
		0BF3B1A722565D3700207437 /* CityCell.swift in Sources */ = {isa = PBXBuildFile; fileRef = 0BF3B1A622565D3700207437 /* CityCell.swift */; };
/* End PBXBuildFile section */

/* Begin PBXContainerItemProxy section */
		0B94EE71225CCA4000158B91 /* PBXContainerItemProxy */ = {
			isa = PBXContainerItemProxy;
			containerPortal = 0BF3B17F2256542000207437 /* Project object */;
			proxyType = 1;
			remoteGlobalIDString = 0BF3B1862256542000207437;
			remoteInfo = CoordinatorSkillUp;
		};
/* End PBXContainerItemProxy section */

/* Begin PBXFileReference section */
		0B94EE6C225CCA4000158B91 /* CoordinatorSkillUpUITests.xctest */ = {isa = PBXFileReference; explicitFileType = wrapper.cfbundle; includeInIndex = 0; path = CoordinatorSkillUpUITests.xctest; sourceTree = BUILT_PRODUCTS_DIR; };
		0B94EE6E225CCA4000158B91 /* CoordinatorSkillUpUITests.swift */ = {isa = PBXFileReference; lastKnownFileType = sourcecode.swift; path = CoordinatorSkillUpUITests.swift; sourceTree = "<group>"; };
		0B94EE70225CCA4000158B91 /* Info.plist */ = {isa = PBXFileReference; lastKnownFileType = text.plist.xml; path = Info.plist; sourceTree = "<group>"; };
		0B97F176225736C90029F202 /* UserEditProfileCoordinator.swift */ = {isa = PBXFileReference; lastKnownFileType = sourcecode.swift; path = UserEditProfileCoordinator.swift; sourceTree = "<group>"; };
		0B97F178225757F70029F202 /* MagicSelectCityTableViewController.swift */ = {isa = PBXFileReference; lastKnownFileType = sourcecode.swift; path = MagicSelectCityTableViewController.swift; sourceTree = "<group>"; };
		0B97F17A225758260029F202 /* MagicCell.xib */ = {isa = PBXFileReference; lastKnownFileType = file.xib; path = MagicCell.xib; sourceTree = "<group>"; };
		0B97F17C225758390029F202 /* MagicCell.swift */ = {isa = PBXFileReference; lastKnownFileType = sourcecode.swift; path = MagicCell.swift; sourceTree = "<group>"; };
		0B97F17E22575C6D0029F202 /* Region.swift */ = {isa = PBXFileReference; lastKnownFileType = sourcecode.swift; path = Region.swift; sourceTree = "<group>"; };
		0BF3B1872256542000207437 /* CoordinatorSkillUp.app */ = {isa = PBXFileReference; explicitFileType = wrapper.application; includeInIndex = 0; path = CoordinatorSkillUp.app; sourceTree = BUILT_PRODUCTS_DIR; };
		0BF3B18A2256542000207437 /* AppDelegate.swift */ = {isa = PBXFileReference; lastKnownFileType = sourcecode.swift; path = AppDelegate.swift; sourceTree = "<group>"; };
		0BF3B18C2256542000207437 /* UserProfileViewController.swift */ = {isa = PBXFileReference; lastKnownFileType = sourcecode.swift; path = UserProfileViewController.swift; sourceTree = "<group>"; };
		0BF3B18F2256542000207437 /* Base */ = {isa = PBXFileReference; lastKnownFileType = file.storyboard; name = Base; path = Base.lproj/Main.storyboard; sourceTree = "<group>"; };
		0BF3B1912256542200207437 /* Assets.xcassets */ = {isa = PBXFileReference; lastKnownFileType = folder.assetcatalog; path = Assets.xcassets; sourceTree = "<group>"; };
		0BF3B1942256542200207437 /* Base */ = {isa = PBXFileReference; lastKnownFileType = file.storyboard; name = Base; path = Base.lproj/LaunchScreen.storyboard; sourceTree = "<group>"; };
		0BF3B1962256542200207437 /* Info.plist */ = {isa = PBXFileReference; lastKnownFileType = text.plist.xml; path = Info.plist; sourceTree = "<group>"; };
		0BF3B19D2256556500207437 /* User.swift */ = {isa = PBXFileReference; lastKnownFileType = sourcecode.swift; path = User.swift; sourceTree = "<group>"; };
		0BF3B19F2256580F00207437 /* SelectCityTableViewController.swift */ = {isa = PBXFileReference; lastKnownFileType = sourcecode.swift; path = SelectCityTableViewController.swift; sourceTree = "<group>"; };
		0BF3B1A12256583600207437 /* City.swift */ = {isa = PBXFileReference; lastKnownFileType = sourcecode.swift; path = City.swift; sourceTree = "<group>"; };
		0BF3B1A422565D0300207437 /* CityCell.xib */ = {isa = PBXFileReference; lastKnownFileType = file.xib; path = CityCell.xib; sourceTree = "<group>"; };
		0BF3B1A622565D3700207437 /* CityCell.swift */ = {isa = PBXFileReference; lastKnownFileType = sourcecode.swift; path = CityCell.swift; sourceTree = "<group>"; };
/* End PBXFileReference section */

/* Begin PBXFrameworksBuildPhase section */
		0B94EE69225CCA4000158B91 /* Frameworks */ = {
			isa = PBXFrameworksBuildPhase;
			buildActionMask = 2147483647;
			files = (
			);
			runOnlyForDeploymentPostprocessing = 0;
		};
		0BF3B1842256542000207437 /* Frameworks */ = {
			isa = PBXFrameworksBuildPhase;
			buildActionMask = 2147483647;
			files = (
			);
			runOnlyForDeploymentPostprocessing = 0;
		};
/* End PBXFrameworksBuildPhase section */

/* Begin PBXGroup section */
		0B94EE6D225CCA4000158B91 /* CoordinatorSkillUpUITests */ = {
			isa = PBXGroup;
			children = (
				0B94EE6E225CCA4000158B91 /* CoordinatorSkillUpUITests.swift */,
				0B94EE70225CCA4000158B91 /* Info.plist */,
			);
			path = CoordinatorSkillUpUITests;
			sourceTree = "<group>";
		};
		0B97F170225734B60029F202 /* Controllers */ = {
			isa = PBXGroup;
			children = (
				0BF3B18C2256542000207437 /* UserProfileViewController.swift */,
				0BF3B19F2256580F00207437 /* SelectCityTableViewController.swift */,
				0B97F178225757F70029F202 /* MagicSelectCityTableViewController.swift */,
			);
			path = Controllers;
			sourceTree = "<group>";
		};
		0B97F171225735D40029F202 /* App Delegate */ = {
			isa = PBXGroup;
			children = (
				0BF3B18A2256542000207437 /* AppDelegate.swift */,
			);
			path = "App Delegate";
			sourceTree = "<group>";
		};
		0B97F172225735F10029F202 /* Storyboards */ = {
			isa = PBXGroup;
			children = (
				0BF3B18E2256542000207437 /* Main.storyboard */,
				0BF3B1932256542200207437 /* LaunchScreen.storyboard */,
			);
			path = Storyboards;
			sourceTree = "<group>";
		};
		0B97F173225736030029F202 /* Images */ = {
			isa = PBXGroup;
			children = (
				0BF3B1912256542200207437 /* Assets.xcassets */,
			);
			path = Images;
			sourceTree = "<group>";
		};
		0B97F175225736B00029F202 /* Coordinator */ = {
			isa = PBXGroup;
			children = (
				0B97F176225736C90029F202 /* UserEditProfileCoordinator.swift */,
			);
			path = Coordinator;
			sourceTree = "<group>";
		};
		0BF3B17E2256542000207437 = {
			isa = PBXGroup;
			children = (
				0BF3B1892256542000207437 /* CoordinatorSkillUp */,
				0B94EE6D225CCA4000158B91 /* CoordinatorSkillUpUITests */,
				0BF3B1882256542000207437 /* Products */,
			);
			sourceTree = "<group>";
		};
		0BF3B1882256542000207437 /* Products */ = {
			isa = PBXGroup;
			children = (
				0BF3B1872256542000207437 /* CoordinatorSkillUp.app */,
				0B94EE6C225CCA4000158B91 /* CoordinatorSkillUpUITests.xctest */,
			);
			name = Products;
			sourceTree = "<group>";
		};
		0BF3B1892256542000207437 /* CoordinatorSkillUp */ = {
			isa = PBXGroup;
			children = (
				0B97F171225735D40029F202 /* App Delegate */,
				0BF3B1A322565C5100207437 /* Custom Cell */,
				0BF3B19C2256555600207437 /* Model */,
				0B97F175225736B00029F202 /* Coordinator */,
				0B97F170225734B60029F202 /* Controllers */,
				0B97F172225735F10029F202 /* Storyboards */,
				0B97F173225736030029F202 /* Images */,
				0BF3B1962256542200207437 /* Info.plist */,
			);
			path = CoordinatorSkillUp;
			sourceTree = "<group>";
		};
		0BF3B19C2256555600207437 /* Model */ = {
			isa = PBXGroup;
			children = (
				0BF3B19D2256556500207437 /* User.swift */,
				0BF3B1A12256583600207437 /* City.swift */,
				0B97F17E22575C6D0029F202 /* Region.swift */,
			);
			path = Model;
			sourceTree = "<group>";
		};
		0BF3B1A322565C5100207437 /* Custom Cell */ = {
			isa = PBXGroup;
			children = (
				0BF3B1A422565D0300207437 /* CityCell.xib */,
				0BF3B1A622565D3700207437 /* CityCell.swift */,
				0B97F17A225758260029F202 /* MagicCell.xib */,
				0B97F17C225758390029F202 /* MagicCell.swift */,
			);
			path = "Custom Cell";
			sourceTree = "<group>";
		};
/* End PBXGroup section */

/* Begin PBXNativeTarget section */
		0B94EE6B225CCA4000158B91 /* CoordinatorSkillUpUITests */ = {
			isa = PBXNativeTarget;
			buildConfigurationList = 0B94EE75225CCA4000158B91 /* Build configuration list for PBXNativeTarget "CoordinatorSkillUpUITests" */;
			buildPhases = (
				0B94EE68225CCA4000158B91 /* Sources */,
				0B94EE69225CCA4000158B91 /* Frameworks */,
				0B94EE6A225CCA4000158B91 /* Resources */,
			);
			buildRules = (
			);
			dependencies = (
				0B94EE72225CCA4000158B91 /* PBXTargetDependency */,
			);
			name = CoordinatorSkillUpUITests;
			productName = CoordinatorSkillUpUITests;
			productReference = 0B94EE6C225CCA4000158B91 /* CoordinatorSkillUpUITests.xctest */;
			productType = "com.apple.product-type.bundle.ui-testing";
		};
		0BF3B1862256542000207437 /* CoordinatorSkillUp */ = {
			isa = PBXNativeTarget;
			buildConfigurationList = 0BF3B1992256542200207437 /* Build configuration list for PBXNativeTarget "CoordinatorSkillUp" */;
			buildPhases = (
				0BF3B1832256542000207437 /* Sources */,
				0BF3B1842256542000207437 /* Frameworks */,
				0BF3B1852256542000207437 /* Resources */,
			);
			buildRules = (
			);
			dependencies = (
			);
			name = CoordinatorSkillUp;
			productName = CoordinatorSkillUp;
			productReference = 0BF3B1872256542000207437 /* CoordinatorSkillUp.app */;
			productType = "com.apple.product-type.application";
		};
/* End PBXNativeTarget section */

/* Begin PBXProject section */
		0BF3B17F2256542000207437 /* Project object */ = {
			isa = PBXProject;
			attributes = {
				LastSwiftUpdateCheck = 1010;
				LastUpgradeCheck = 1010;
				ORGANIZATIONNAME = "Sergey Pohrebnuak";
				TargetAttributes = {
					0B94EE6B225CCA4000158B91 = {
						CreatedOnToolsVersion = 10.1;
						TestTargetID = 0BF3B1862256542000207437;
					};
					0BF3B1862256542000207437 = {
						CreatedOnToolsVersion = 10.1;
					};
				};
			};
			buildConfigurationList = 0BF3B1822256542000207437 /* Build configuration list for PBXProject "CoordinatorSkillUp" */;
			compatibilityVersion = "Xcode 9.3";
			developmentRegion = en;
			hasScannedForEncodings = 0;
			knownRegions = (
				en,
				Base,
			);
			mainGroup = 0BF3B17E2256542000207437;
			productRefGroup = 0BF3B1882256542000207437 /* Products */;
			projectDirPath = "";
			projectRoot = "";
			targets = (
				0BF3B1862256542000207437 /* CoordinatorSkillUp */,
				0B94EE6B225CCA4000158B91 /* CoordinatorSkillUpUITests */,
			);
		};
/* End PBXProject section */

/* Begin PBXResourcesBuildPhase section */
		0B94EE6A225CCA4000158B91 /* Resources */ = {
			isa = PBXResourcesBuildPhase;
			buildActionMask = 2147483647;
			files = (
			);
			runOnlyForDeploymentPostprocessing = 0;
		};
		0BF3B1852256542000207437 /* Resources */ = {
			isa = PBXResourcesBuildPhase;
			buildActionMask = 2147483647;
			files = (
				0BF3B1952256542200207437 /* LaunchScreen.storyboard in Resources */,
				0B97F17B225758260029F202 /* MagicCell.xib in Resources */,
				0BF3B1922256542200207437 /* Assets.xcassets in Resources */,
				0BF3B1A522565D0300207437 /* CityCell.xib in Resources */,
				0BF3B1902256542000207437 /* Main.storyboard in Resources */,
			);
			runOnlyForDeploymentPostprocessing = 0;
		};
/* End PBXResourcesBuildPhase section */

/* Begin PBXSourcesBuildPhase section */
		0B94EE68225CCA4000158B91 /* Sources */ = {
			isa = PBXSourcesBuildPhase;
			buildActionMask = 2147483647;
			files = (
				0B94EE6F225CCA4000158B91 /* CoordinatorSkillUpUITests.swift in Sources */,
			);
			runOnlyForDeploymentPostprocessing = 0;
		};
		0BF3B1832256542000207437 /* Sources */ = {
			isa = PBXSourcesBuildPhase;
			buildActionMask = 2147483647;
			files = (
				0BF3B18D2256542000207437 /* UserProfileViewController.swift in Sources */,
				0BF3B1A22256583600207437 /* City.swift in Sources */,
				0BF3B1A722565D3700207437 /* CityCell.swift in Sources */,
				0B97F17F22575C6D0029F202 /* Region.swift in Sources */,
				0BF3B18B2256542000207437 /* AppDelegate.swift in Sources */,
				0B97F179225757F70029F202 /* MagicSelectCityTableViewController.swift in Sources */,
				0B97F17D225758390029F202 /* MagicCell.swift in Sources */,
				0B97F177225736C90029F202 /* UserEditProfileCoordinator.swift in Sources */,
				0BF3B1A02256580F00207437 /* SelectCityTableViewController.swift in Sources */,
				0BF3B19E2256556500207437 /* User.swift in Sources */,
			);
			runOnlyForDeploymentPostprocessing = 0;
		};
/* End PBXSourcesBuildPhase section */

/* Begin PBXTargetDependency section */
		0B94EE72225CCA4000158B91 /* PBXTargetDependency */ = {
			isa = PBXTargetDependency;
			target = 0BF3B1862256542000207437 /* CoordinatorSkillUp */;
			targetProxy = 0B94EE71225CCA4000158B91 /* PBXContainerItemProxy */;
		};
/* End PBXTargetDependency section */

/* Begin PBXVariantGroup section */
		0BF3B18E2256542000207437 /* Main.storyboard */ = {
			isa = PBXVariantGroup;
			children = (
				0BF3B18F2256542000207437 /* Base */,
			);
			name = Main.storyboard;
			sourceTree = "<group>";
		};
		0BF3B1932256542200207437 /* LaunchScreen.storyboard */ = {
			isa = PBXVariantGroup;
			children = (
				0BF3B1942256542200207437 /* Base */,
			);
			name = LaunchScreen.storyboard;
			sourceTree = "<group>";
		};
/* End PBXVariantGroup section */

/* Begin XCBuildConfiguration section */
		0B94EE73225CCA4000158B91 /* Debug */ = {
			isa = XCBuildConfiguration;
			buildSettings = {
				CODE_SIGN_STYLE = Automatic;
				DEVELOPMENT_TEAM = 9B6M85MQ7J;
				INFOPLIST_FILE = CoordinatorSkillUpUITests/Info.plist;
				LD_RUNPATH_SEARCH_PATHS = (
					"$(inherited)",
					"@executable_path/Frameworks",
					"@loader_path/Frameworks",
				);
				PRODUCT_BUNDLE_IDENTIFIER = Serg.CoordinatorSkillUpUITests;
				PRODUCT_NAME = "$(TARGET_NAME)";
				SWIFT_VERSION = 4.2;
				TARGETED_DEVICE_FAMILY = "1,2";
				TEST_TARGET_NAME = CoordinatorSkillUp;
			};
			name = Debug;
		};
		0B94EE74225CCA4000158B91 /* Release */ = {
			isa = XCBuildConfiguration;
			buildSettings = {
				CODE_SIGN_STYLE = Automatic;
				DEVELOPMENT_TEAM = 9B6M85MQ7J;
				INFOPLIST_FILE = CoordinatorSkillUpUITests/Info.plist;
				LD_RUNPATH_SEARCH_PATHS = (
					"$(inherited)",
					"@executable_path/Frameworks",
					"@loader_path/Frameworks",
				);
				PRODUCT_BUNDLE_IDENTIFIER = Serg.CoordinatorSkillUpUITests;
				PRODUCT_NAME = "$(TARGET_NAME)";
				SWIFT_VERSION = 4.2;
				TARGETED_DEVICE_FAMILY = "1,2";
				TEST_TARGET_NAME = CoordinatorSkillUp;
			};
			name = Release;
		};
		0BF3B1972256542200207437 /* Debug */ = {
			isa = XCBuildConfiguration;
			buildSettings = {
				ALWAYS_SEARCH_USER_PATHS = NO;
				CLANG_ANALYZER_NONNULL = YES;
				CLANG_ANALYZER_NUMBER_OBJECT_CONVERSION = YES_AGGRESSIVE;
				CLANG_CXX_LANGUAGE_STANDARD = "gnu++14";
				CLANG_CXX_LIBRARY = "libc++";
				CLANG_ENABLE_MODULES = YES;
				CLANG_ENABLE_OBJC_ARC = YES;
				CLANG_ENABLE_OBJC_WEAK = YES;
				CLANG_WARN_BLOCK_CAPTURE_AUTORELEASING = YES;
				CLANG_WARN_BOOL_CONVERSION = YES;
				CLANG_WARN_COMMA = YES;
				CLANG_WARN_CONSTANT_CONVERSION = YES;
				CLANG_WARN_DEPRECATED_OBJC_IMPLEMENTATIONS = YES;
				CLANG_WARN_DIRECT_OBJC_ISA_USAGE = YES_ERROR;
				CLANG_WARN_DOCUMENTATION_COMMENTS = YES;
				CLANG_WARN_EMPTY_BODY = YES;
				CLANG_WARN_ENUM_CONVERSION = YES;
				CLANG_WARN_INFINITE_RECURSION = YES;
				CLANG_WARN_INT_CONVERSION = YES;
				CLANG_WARN_NON_LITERAL_NULL_CONVERSION = YES;
				CLANG_WARN_OBJC_IMPLICIT_RETAIN_SELF = YES;
				CLANG_WARN_OBJC_LITERAL_CONVERSION = YES;
				CLANG_WARN_OBJC_ROOT_CLASS = YES_ERROR;
				CLANG_WARN_RANGE_LOOP_ANALYSIS = YES;
				CLANG_WARN_STRICT_PROTOTYPES = YES;
				CLANG_WARN_SUSPICIOUS_MOVE = YES;
				CLANG_WARN_UNGUARDED_AVAILABILITY = YES_AGGRESSIVE;
				CLANG_WARN_UNREACHABLE_CODE = YES;
				CLANG_WARN__DUPLICATE_METHOD_MATCH = YES;
				CODE_SIGN_IDENTITY = "iPhone Developer";
				COPY_PHASE_STRIP = NO;
				DEBUG_INFORMATION_FORMAT = dwarf;
				ENABLE_STRICT_OBJC_MSGSEND = YES;
				ENABLE_TESTABILITY = YES;
				GCC_C_LANGUAGE_STANDARD = gnu11;
				GCC_DYNAMIC_NO_PIC = NO;
				GCC_NO_COMMON_BLOCKS = YES;
				GCC_OPTIMIZATION_LEVEL = 0;
				GCC_PREPROCESSOR_DEFINITIONS = (
					"DEBUG=1",
					"$(inherited)",
				);
				GCC_WARN_64_TO_32_BIT_CONVERSION = YES;
				GCC_WARN_ABOUT_RETURN_TYPE = YES_ERROR;
				GCC_WARN_UNDECLARED_SELECTOR = YES;
				GCC_WARN_UNINITIALIZED_AUTOS = YES_AGGRESSIVE;
				GCC_WARN_UNUSED_FUNCTION = YES;
				GCC_WARN_UNUSED_VARIABLE = YES;
				IPHONEOS_DEPLOYMENT_TARGET = 12.1;
				MTL_ENABLE_DEBUG_INFO = INCLUDE_SOURCE;
				MTL_FAST_MATH = YES;
				ONLY_ACTIVE_ARCH = YES;
				SDKROOT = iphoneos;
				SWIFT_ACTIVE_COMPILATION_CONDITIONS = DEBUG;
				SWIFT_OPTIMIZATION_LEVEL = "-Onone";
			};
			name = Debug;
		};
		0BF3B1982256542200207437 /* Release */ = {
			isa = XCBuildConfiguration;
			buildSettings = {
				ALWAYS_SEARCH_USER_PATHS = NO;
				CLANG_ANALYZER_NONNULL = YES;
				CLANG_ANALYZER_NUMBER_OBJECT_CONVERSION = YES_AGGRESSIVE;
				CLANG_CXX_LANGUAGE_STANDARD = "gnu++14";
				CLANG_CXX_LIBRARY = "libc++";
				CLANG_ENABLE_MODULES = YES;
				CLANG_ENABLE_OBJC_ARC = YES;
				CLANG_ENABLE_OBJC_WEAK = YES;
				CLANG_WARN_BLOCK_CAPTURE_AUTORELEASING = YES;
				CLANG_WARN_BOOL_CONVERSION = YES;
				CLANG_WARN_COMMA = YES;
				CLANG_WARN_CONSTANT_CONVERSION = YES;
				CLANG_WARN_DEPRECATED_OBJC_IMPLEMENTATIONS = YES;
				CLANG_WARN_DIRECT_OBJC_ISA_USAGE = YES_ERROR;
				CLANG_WARN_DOCUMENTATION_COMMENTS = YES;
				CLANG_WARN_EMPTY_BODY = YES;
				CLANG_WARN_ENUM_CONVERSION = YES;
				CLANG_WARN_INFINITE_RECURSION = YES;
				CLANG_WARN_INT_CONVERSION = YES;
				CLANG_WARN_NON_LITERAL_NULL_CONVERSION = YES;
				CLANG_WARN_OBJC_IMPLICIT_RETAIN_SELF = YES;
				CLANG_WARN_OBJC_LITERAL_CONVERSION = YES;
				CLANG_WARN_OBJC_ROOT_CLASS = YES_ERROR;
				CLANG_WARN_RANGE_LOOP_ANALYSIS = YES;
				CLANG_WARN_STRICT_PROTOTYPES = YES;
				CLANG_WARN_SUSPICIOUS_MOVE = YES;
				CLANG_WARN_UNGUARDED_AVAILABILITY = YES_AGGRESSIVE;
				CLANG_WARN_UNREACHABLE_CODE = YES;
				CLANG_WARN__DUPLICATE_METHOD_MATCH = YES;
				CODE_SIGN_IDENTITY = "iPhone Developer";
				COPY_PHASE_STRIP = NO;
				DEBUG_INFORMATION_FORMAT = "dwarf-with-dsym";
				ENABLE_NS_ASSERTIONS = NO;
				ENABLE_STRICT_OBJC_MSGSEND = YES;
				GCC_C_LANGUAGE_STANDARD = gnu11;
				GCC_NO_COMMON_BLOCKS = YES;
				GCC_WARN_64_TO_32_BIT_CONVERSION = YES;
				GCC_WARN_ABOUT_RETURN_TYPE = YES_ERROR;
				GCC_WARN_UNDECLARED_SELECTOR = YES;
				GCC_WARN_UNINITIALIZED_AUTOS = YES_AGGRESSIVE;
				GCC_WARN_UNUSED_FUNCTION = YES;
				GCC_WARN_UNUSED_VARIABLE = YES;
				IPHONEOS_DEPLOYMENT_TARGET = 12.1;
				MTL_ENABLE_DEBUG_INFO = NO;
				MTL_FAST_MATH = YES;
				SDKROOT = iphoneos;
				SWIFT_COMPILATION_MODE = wholemodule;
				SWIFT_OPTIMIZATION_LEVEL = "-O";
				VALIDATE_PRODUCT = YES;
			};
			name = Release;
		};
		0BF3B19A2256542200207437 /* Debug */ = {
			isa = XCBuildConfiguration;
			buildSettings = {
				ASSETCATALOG_COMPILER_APPICON_NAME = AppIcon;
				CODE_SIGN_STYLE = Automatic;
				DEVELOPMENT_TEAM = 9B6M85MQ7J;
				INFOPLIST_FILE = CoordinatorSkillUp/Info.plist;
				IPHONEOS_DEPLOYMENT_TARGET = 12.0;
				LD_RUNPATH_SEARCH_PATHS = (
					"$(inherited)",
					"@executable_path/Frameworks",
				);
				PRODUCT_BUNDLE_IDENTIFIER = Serg.CoordinatorSkillUp;
				PRODUCT_NAME = "$(TARGET_NAME)";
				SWIFT_VERSION = 4.2;
				TARGETED_DEVICE_FAMILY = "1,2";
			};
			name = Debug;
		};
		0BF3B19B2256542200207437 /* Release */ = {
			isa = XCBuildConfiguration;
			buildSettings = {
				ASSETCATALOG_COMPILER_APPICON_NAME = AppIcon;
				CODE_SIGN_STYLE = Automatic;
				DEVELOPMENT_TEAM = 9B6M85MQ7J;
				INFOPLIST_FILE = CoordinatorSkillUp/Info.plist;
				IPHONEOS_DEPLOYMENT_TARGET = 12.0;
				LD_RUNPATH_SEARCH_PATHS = (
					"$(inherited)",
					"@executable_path/Frameworks",
				);
				PRODUCT_BUNDLE_IDENTIFIER = Serg.CoordinatorSkillUp;
				PRODUCT_NAME = "$(TARGET_NAME)";
				SWIFT_VERSION = 4.2;
				TARGETED_DEVICE_FAMILY = "1,2";
			};
			name = Release;
		};
/* End XCBuildConfiguration section */

/* Begin XCConfigurationList section */
		0B94EE75225CCA4000158B91 /* Build configuration list for PBXNativeTarget "CoordinatorSkillUpUITests" */ = {
			isa = XCConfigurationList;
			buildConfigurations = (
				0B94EE73225CCA4000158B91 /* Debug */,
				0B94EE74225CCA4000158B91 /* Release */,
			);
			defaultConfigurationIsVisible = 0;
			defaultConfigurationName = Release;
		};
		0BF3B1822256542000207437 /* Build configuration list for PBXProject "CoordinatorSkillUp" */ = {
			isa = XCConfigurationList;
			buildConfigurations = (
				0BF3B1972256542200207437 /* Debug */,
				0BF3B1982256542200207437 /* Release */,
			);
			defaultConfigurationIsVisible = 0;
			defaultConfigurationName = Release;
		};
		0BF3B1992256542200207437 /* Build configuration list for PBXNativeTarget "CoordinatorSkillUp" */ = {
			isa = XCConfigurationList;
			buildConfigurations = (
				0BF3B19A2256542200207437 /* Debug */,
				0BF3B19B2256542200207437 /* Release */,
			);
			defaultConfigurationIsVisible = 0;
			defaultConfigurationName = Release;
		};
/* End XCConfigurationList section */
	};
	rootObject = 0BF3B17F2256542000207437 /* Project object */;
}
